
Microsoft Visual Studio Solution File, Format Version 12.00
# Visual Studio Version 17
VisualStudioVersion = 17.9.34607.119
MinimumVisualStudioVersion = 10.0.40219.1
Project("{FAE04EC0-301F-11D3-BF4B-00C04F79EFBC}") = "Labb2", "Labb2\Labb2.csproj", "{8FCB1AA7-ABDD-4AB8-A523-FC910161D5FC}"
EndProject
Global
	GlobalSection(SolutionConfigurationPlatforms) = preSolution
		Debug|Any CPU = Debug|Any CPU
		Release|Any CPU = Release|Any CPU
	EndGlobalSection
	GlobalSection(ProjectConfigurationPlatforms) = postSolution
		{8FCB1AA7-ABDD-4AB8-A523-FC910161D5FC}.Debug|Any CPU.ActiveCfg = Debug|Any CPU
		{8FCB1AA7-ABDD-4AB8-A523-FC910161D5FC}.Debug|Any CPU.Build.0 = Debug|Any CPU
		{8FCB1AA7-ABDD-4AB8-A523-FC910161D5FC}.Release|Any CPU.ActiveCfg = Release|Any CPU
		{8FCB1AA7-ABDD-4AB8-A523-FC910161D5FC}.Release|Any CPU.Build.0 = Release|Any CPU
	EndGlobalSection
	GlobalSection(SolutionProperties) = preSolution
		HideSolutionNode = FALSE
	EndGlobalSection
	GlobalSection(ExtensibilityGlobals) = postSolution
		SolutionGuid = {C429E7C4-1BE8-4C6A-8192-49EC877DDAF3}
	EndGlobalSection
EndGlobal
